// !$*UTF8*$!
{
	archiveVersion = 1;
	classes = {
	};
	objectVersion = 50;
	objects = {

/* Begin PBXBuildFile section */
		82130425243BDC670010E414 /* ViewController.swift in Sources */ = {isa = PBXBuildFile; fileRef = 82130424243BDC670010E414 /* ViewController.swift */; };
		82130428243BE00F0010E414 /* Spinner.swift in Sources */ = {isa = PBXBuildFile; fileRef = 82130427243BE00F0010E414 /* Spinner.swift */; };
		827CF68D243BDA6F008033C3 /* UIView.swift in Sources */ = {isa = PBXBuildFile; fileRef = 827CF68C243BDA6F008033C3 /* UIView.swift */; };
		82EA56C3243BCCA600E77935 /* AppDelegate.swift in Sources */ = {isa = PBXBuildFile; fileRef = 82EA56C2243BCCA600E77935 /* AppDelegate.swift */; };
		82EA56C5243BCCA600E77935 /* SceneDelegate.swift in Sources */ = {isa = PBXBuildFile; fileRef = 82EA56C4243BCCA600E77935 /* SceneDelegate.swift */; };
		82EA56CA243BCCA600E77935 /* Main.storyboard in Resources */ = {isa = PBXBuildFile; fileRef = 82EA56C8243BCCA600E77935 /* Main.storyboard */; };
		82EA56CC243BCCA900E77935 /* Assets.xcassets in Resources */ = {isa = PBXBuildFile; fileRef = 82EA56CB243BCCA900E77935 /* Assets.xcassets */; };
		82EA56CF243BCCA900E77935 /* LaunchScreen.storyboard in Resources */ = {isa = PBXBuildFile; fileRef = 82EA56CD243BCCA900E77935 /* LaunchScreen.storyboard */; };
/* End PBXBuildFile section */

/* Begin PBXFileReference section */
		82130424243BDC670010E414 /* ViewController.swift */ = {isa = PBXFileReference; fileEncoding = 4; lastKnownFileType = sourcecode.swift; path = ViewController.swift; sourceTree = "<group>"; };
		82130427243BE00F0010E414 /* Spinner.swift */ = {isa = PBXFileReference; lastKnownFileType = sourcecode.swift; path = Spinner.swift; sourceTree = "<group>"; };
		827CF68C243BDA6F008033C3 /* UIView.swift */ = {isa = PBXFileReference; lastKnownFileType = sourcecode.swift; path = UIView.swift; sourceTree = "<group>"; };
		82EA56BF243BCCA600E77935 /* iSearch.app */ = {isa = PBXFileReference; explicitFileType = wrapper.application; includeInIndex = 0; path = iSearch.app; sourceTree = BUILT_PRODUCTS_DIR; };
		82EA56C2243BCCA600E77935 /* AppDelegate.swift */ = {isa = PBXFileReference; lastKnownFileType = sourcecode.swift; path = AppDelegate.swift; sourceTree = "<group>"; };
		82EA56C4243BCCA600E77935 /* SceneDelegate.swift */ = {isa = PBXFileReference; lastKnownFileType = sourcecode.swift; path = SceneDelegate.swift; sourceTree = "<group>"; };
		82EA56C9243BCCA600E77935 /* Base */ = {isa = PBXFileReference; lastKnownFileType = file.storyboard; name = Base; path = Base.lproj/Main.storyboard; sourceTree = "<group>"; };
		82EA56CB243BCCA900E77935 /* Assets.xcassets */ = {isa = PBXFileReference; lastKnownFileType = folder.assetcatalog; path = Assets.xcassets; sourceTree = "<group>"; };
		82EA56CE243BCCA900E77935 /* Base */ = {isa = PBXFileReference; lastKnownFileType = file.storyboard; name = Base; path = Base.lproj/LaunchScreen.storyboard; sourceTree = "<group>"; };
		82EA56D0243BCCA900E77935 /* Info.plist */ = {isa = PBXFileReference; lastKnownFileType = text.plist.xml; path = Info.plist; sourceTree = "<group>"; };
/* End PBXFileReference section */

/* Begin PBXFrameworksBuildPhase section */
		82EA56BC243BCCA600E77935 /* Frameworks */ = {
			isa = PBXFrameworksBuildPhase;
			buildActionMask = 2147483647;
			files = (
			);
			runOnlyForDeploymentPostprocessing = 0;
		};
/* End PBXFrameworksBuildPhase section */

/* Begin PBXGroup section */
		82130426243BDC830010E414 /* Application */ = {
			isa = PBXGroup;
			children = (
				82EA56C2243BCCA600E77935 /* AppDelegate.swift */,
				82EA56C4243BCCA600E77935 /* SceneDelegate.swift */,
			);
			path = Application;
			sourceTree = "<group>";
		};
		82130429243BF70D0010E414 /* Storyboard */ = {
			isa = PBXGroup;
			children = (
				82EA56C8243BCCA600E77935 /* Main.storyboard */,
				82EA56CD243BCCA900E77935 /* LaunchScreen.storyboard */,
			);
			path = Storyboard;
			sourceTree = "<group>";
		};
		827CF68B243BDA61008033C3 /* Extensions */ = {
			isa = PBXGroup;
			children = (
				827CF68C243BDA6F008033C3 /* UIView.swift */,
				82130427243BE00F0010E414 /* Spinner.swift */,
			);
			path = Extensions;
			sourceTree = "<group>";
		};
		827CF68E243BDC2A008033C3 /* Controller */ = {
			isa = PBXGroup;
			children = (
				82130424243BDC670010E414 /* ViewController.swift */,
			);
			path = Controller;
			sourceTree = "<group>";
		};
		82EA56B6243BCCA600E77935 = {
			isa = PBXGroup;
			children = (
				82EA56C1243BCCA600E77935 /* mapkit-joca */,
				82EA56C0243BCCA600E77935 /* Products */,
			);
			sourceTree = "<group>";
		};
		82EA56C0243BCCA600E77935 /* Products */ = {
			isa = PBXGroup;
			children = (
				82EA56BF243BCCA600E77935 /* iSearch.app */,
			);
			name = Products;
			sourceTree = "<group>";
		};
		82EA56C1243BCCA600E77935 /* mapkit-joca */ = {
			isa = PBXGroup;
			children = (
				827CF68B243BDA61008033C3 /* Extensions */,
				82130426243BDC830010E414 /* Application */,
				827CF68E243BDC2A008033C3 /* Controller */,
				82130429243BF70D0010E414 /* Storyboard */,
				82EA56CB243BCCA900E77935 /* Assets.xcassets */,
				82EA56D0243BCCA900E77935 /* Info.plist */,
			);
			path = "mapkit-joca";
			sourceTree = "<group>";
		};
/* End PBXGroup section */

/* Begin PBXNativeTarget section */
		82EA56BE243BCCA600E77935 /* mapkit-joca */ = {
			isa = PBXNativeTarget;
			buildConfigurationList = 82EA56D3243BCCA900E77935 /* Build configuration list for PBXNativeTarget "mapkit-joca" */;
			buildPhases = (
				82EA56BB243BCCA600E77935 /* Sources */,
				82EA56BC243BCCA600E77935 /* Frameworks */,
				82EA56BD243BCCA600E77935 /* Resources */,
			);
			buildRules = (
			);
			dependencies = (
			);
			name = "mapkit-joca";
			productName = "mapkit-joca";
			productReference = 82EA56BF243BCCA600E77935 /* iSearch.app */;
			productType = "com.apple.product-type.application";
		};
/* End PBXNativeTarget section */

/* Begin PBXProject section */
		82EA56B7243BCCA600E77935 /* Project object */ = {
			isa = PBXProject;
			attributes = {
				LastSwiftUpdateCheck = 1130;
				LastUpgradeCheck = 1130;
				ORGANIZATIONNAME = "Matheus Gois";
				TargetAttributes = {
					82EA56BE243BCCA600E77935 = {
						CreatedOnToolsVersion = 11.3.1;
					};
				};
			};
			buildConfigurationList = 82EA56BA243BCCA600E77935 /* Build configuration list for PBXProject "mapkit-joca" */;
			compatibilityVersion = "Xcode 9.3";
			developmentRegion = en;
			hasScannedForEncodings = 0;
			knownRegions = (
				en,
				Base,
			);
			mainGroup = 82EA56B6243BCCA600E77935;
			productRefGroup = 82EA56C0243BCCA600E77935 /* Products */;
			projectDirPath = "";
			projectRoot = "";
			targets = (
				82EA56BE243BCCA600E77935 /* mapkit-joca */,
			);
		};
/* End PBXProject section */

/* Begin PBXResourcesBuildPhase section */
		82EA56BD243BCCA600E77935 /* Resources */ = {
			isa = PBXResourcesBuildPhase;
			buildActionMask = 2147483647;
			files = (
				82EA56CF243BCCA900E77935 /* LaunchScreen.storyboard in Resources */,
				82EA56CC243BCCA900E77935 /* Assets.xcassets in Resources */,
				82EA56CA243BCCA600E77935 /* Main.storyboard in Resources */,
			);
			runOnlyForDeploymentPostprocessing = 0;
		};
/* End PBXResourcesBuildPhase section */

/* Begin PBXSourcesBuildPhase section */
		82EA56BB243BCCA600E77935 /* Sources */ = {
			isa = PBXSourcesBuildPhase;
			buildActionMask = 2147483647;
			files = (
				82130425243BDC670010E414 /* ViewController.swift in Sources */,
				827CF68D243BDA6F008033C3 /* UIView.swift in Sources */,
				82EA56C3243BCCA600E77935 /* AppDelegate.swift in Sources */,
				82EA56C5243BCCA600E77935 /* SceneDelegate.swift in Sources */,
				82130428243BE00F0010E414 /* Spinner.swift in Sources */,
			);
			runOnlyForDeploymentPostprocessing = 0;
		};
/* End PBXSourcesBuildPhase section */

/* Begin PBXVariantGroup section */
		82EA56C8243BCCA600E77935 /* Main.storyboard */ = {
			isa = PBXVariantGroup;
			children = (
				82EA56C9243BCCA600E77935 /* Base */,
			);
			name = Main.storyboard;
			sourceTree = "<group>";
		};
		82EA56CD243BCCA900E77935 /* LaunchScreen.storyboard */ = {
			isa = PBXVariantGroup;
			children = (
				82EA56CE243BCCA900E77935 /* Base */,
			);
			name = LaunchScreen.storyboard;
			sourceTree = "<group>";
		};
/* End PBXVariantGroup section */

/* Begin XCBuildConfiguration section */
		82EA56D1243BCCA900E77935 /* Debug */ = {
			isa = XCBuildConfiguration;
			buildSettings = {
				ALWAYS_SEARCH_USER_PATHS = NO;
				CLANG_ANALYZER_NONNULL = YES;
				CLANG_ANALYZER_NUMBER_OBJECT_CONVERSION = YES_AGGRESSIVE;
				CLANG_CXX_LANGUAGE_STANDARD = "gnu++14";
				CLANG_CXX_LIBRARY = "libc++";
				CLANG_ENABLE_MODULES = YES;
				CLANG_ENABLE_OBJC_ARC = YES;
				CLANG_ENABLE_OBJC_WEAK = YES;
				CLANG_WARN_BLOCK_CAPTURE_AUTORELEASING = YES;
				CLANG_WARN_BOOL_CONVERSION = YES;
				CLANG_WARN_COMMA = YES;
				CLANG_WARN_CONSTANT_CONVERSION = YES;
				CLANG_WARN_DEPRECATED_OBJC_IMPLEMENTATIONS = YES;
				CLANG_WARN_DIRECT_OBJC_ISA_USAGE = YES_ERROR;
				CLANG_WARN_DOCUMENTATION_COMMENTS = YES;
				CLANG_WARN_EMPTY_BODY = YES;
				CLANG_WARN_ENUM_CONVERSION = YES;
				CLANG_WARN_INFINITE_RECURSION = YES;
				CLANG_WARN_INT_CONVERSION = YES;
				CLANG_WARN_NON_LITERAL_NULL_CONVERSION = YES;
				CLANG_WARN_OBJC_IMPLICIT_RETAIN_SELF = YES;
				CLANG_WARN_OBJC_LITERAL_CONVERSION = YES;
				CLANG_WARN_OBJC_ROOT_CLASS = YES_ERROR;
				CLANG_WARN_RANGE_LOOP_ANALYSIS = YES;
				CLANG_WARN_STRICT_PROTOTYPES = YES;
				CLANG_WARN_SUSPICIOUS_MOVE = YES;
				CLANG_WARN_UNGUARDED_AVAILABILITY = YES_AGGRESSIVE;
				CLANG_WARN_UNREACHABLE_CODE = YES;
				CLANG_WARN__DUPLICATE_METHOD_MATCH = YES;
				COPY_PHASE_STRIP = NO;
				DEBUG_INFORMATION_FORMAT = dwarf;
				ENABLE_STRICT_OBJC_MSGSEND = YES;
				ENABLE_TESTABILITY = YES;
				GCC_C_LANGUAGE_STANDARD = gnu11;
				GCC_DYNAMIC_NO_PIC = NO;
				GCC_NO_COMMON_BLOCKS = YES;
				GCC_OPTIMIZATION_LEVEL = 0;
				GCC_PREPROCESSOR_DEFINITIONS = (
					"DEBUG=1",
					"$(inherited)",
				);
				GCC_WARN_64_TO_32_BIT_CONVERSION = YES;
				GCC_WARN_ABOUT_RETURN_TYPE = YES_ERROR;
				GCC_WARN_UNDECLARED_SELECTOR = YES;
				GCC_WARN_UNINITIALIZED_AUTOS = YES_AGGRESSIVE;
				GCC_WARN_UNUSED_FUNCTION = YES;
				GCC_WARN_UNUSED_VARIABLE = YES;
				IPHONEOS_DEPLOYMENT_TARGET = 13.2;
				MTL_ENABLE_DEBUG_INFO = INCLUDE_SOURCE;
				MTL_FAST_MATH = YES;
				ONLY_ACTIVE_ARCH = YES;
				SDKROOT = iphoneos;
				SWIFT_ACTIVE_COMPILATION_CONDITIONS = DEBUG;
				SWIFT_OPTIMIZATION_LEVEL = "-Onone";
			};
			name = Debug;
		};
		82EA56D2243BCCA900E77935 /* Release */ = {
			isa = XCBuildConfiguration;
			buildSettings = {
				ALWAYS_SEARCH_USER_PATHS = NO;
				CLANG_ANALYZER_NONNULL = YES;
				CLANG_ANALYZER_NUMBER_OBJECT_CONVERSION = YES_AGGRESSIVE;
				CLANG_CXX_LANGUAGE_STANDARD = "gnu++14";
				CLANG_CXX_LIBRARY = "libc++";
				CLANG_ENABLE_MODULES = YES;
				CLANG_ENABLE_OBJC_ARC = YES;
				CLANG_ENABLE_OBJC_WEAK = YES;
				CLANG_WARN_BLOCK_CAPTURE_AUTORELEASING = YES;
				CLANG_WARN_BOOL_CONVERSION = YES;
				CLANG_WARN_COMMA = YES;
				CLANG_WARN_CONSTANT_CONVERSION = YES;
				CLANG_WARN_DEPRECATED_OBJC_IMPLEMENTATIONS = YES;
				CLANG_WARN_DIRECT_OBJC_ISA_USAGE = YES_ERROR;
				CLANG_WARN_DOCUMENTATION_COMMENTS = YES;
				CLANG_WARN_EMPTY_BODY = YES;
				CLANG_WARN_ENUM_CONVERSION = YES;
				CLANG_WARN_INFINITE_RECURSION = YES;
				CLANG_WARN_INT_CONVERSION = YES;
				CLANG_WARN_NON_LITERAL_NULL_CONVERSION = YES;
				CLANG_WARN_OBJC_IMPLICIT_RETAIN_SELF = YES;
				CLANG_WARN_OBJC_LITERAL_CONVERSION = YES;
				CLANG_WARN_OBJC_ROOT_CLASS = YES_ERROR;
				CLANG_WARN_RANGE_LOOP_ANALYSIS = YES;
				CLANG_WARN_STRICT_PROTOTYPES = YES;
				CLANG_WARN_SUSPICIOUS_MOVE = YES;
				CLANG_WARN_UNGUARDED_AVAILABILITY = YES_AGGRESSIVE;
				CLANG_WARN_UNREACHABLE_CODE = YES;
				CLANG_WARN__DUPLICATE_METHOD_MATCH = YES;
				COPY_PHASE_STRIP = NO;
				DEBUG_INFORMATION_FORMAT = "dwarf-with-dsym";
				ENABLE_NS_ASSERTIONS = NO;
				ENABLE_STRICT_OBJC_MSGSEND = YES;
				GCC_C_LANGUAGE_STANDARD = gnu11;
				GCC_NO_COMMON_BLOCKS = YES;
				GCC_WARN_64_TO_32_BIT_CONVERSION = YES;
				GCC_WARN_ABOUT_RETURN_TYPE = YES_ERROR;
				GCC_WARN_UNDECLARED_SELECTOR = YES;
				GCC_WARN_UNINITIALIZED_AUTOS = YES_AGGRESSIVE;
				GCC_WARN_UNUSED_FUNCTION = YES;
				GCC_WARN_UNUSED_VARIABLE = YES;
				IPHONEOS_DEPLOYMENT_TARGET = 13.2;
				MTL_ENABLE_DEBUG_INFO = NO;
				MTL_FAST_MATH = YES;
				SDKROOT = iphoneos;
				SWIFT_COMPILATION_MODE = wholemodule;
				SWIFT_OPTIMIZATION_LEVEL = "-O";
				VALIDATE_PRODUCT = YES;
			};
			name = Release;
		};
		82EA56D4243BCCA900E77935 /* Debug */ = {
			isa = XCBuildConfiguration;
			buildSettings = {
				ASSETCATALOG_COMPILER_APPICON_NAME = AppIcon;
				CODE_SIGN_STYLE = Automatic;
				DEVELOPMENT_TEAM = CTAFH43K36;
				INFOPLIST_FILE = "mapkit-joca/Info.plist";
				LD_RUNPATH_SEARCH_PATHS = (
					"$(inherited)",
					"@executable_path/Frameworks",
				);
				PRODUCT_BUNDLE_IDENTIFIER = "maatheusgois.mapkit-joca";
				PRODUCT_NAME = iSearch;
				SWIFT_VERSION = 5.0;
				TARGETED_DEVICE_FAMILY = 1;
			};
			name = Debug;
		};
		82EA56D5243BCCA900E77935 /* Release */ = {
			isa = XCBuildConfiguration;
			buildSettings = {
				ASSETCATALOG_COMPILER_APPICON_NAME = AppIcon;
				CODE_SIGN_STYLE = Automatic;
				DEVELOPMENT_TEAM = CTAFH43K36;
				INFOPLIST_FILE = "mapkit-joca/Info.plist";
				LD_RUNPATH_SEARCH_PATHS = (
					"$(inherited)",
					"@executable_path/Frameworks",
				);
				PRODUCT_BUNDLE_IDENTIFIER = "maatheusgois.mapkit-joca";
				PRODUCT_NAME = iSearch;
				SWIFT_VERSION = 5.0;
				TARGETED_DEVICE_FAMILY = 1;
			};
			name = Release;
		};
/* End XCBuildConfiguration section */

/* Begin XCConfigurationList section */
		82EA56BA243BCCA600E77935 /* Build configuration list for PBXProject "mapkit-joca" */ = {
			isa = XCConfigurationList;
			buildConfigurations = (
				82EA56D1243BCCA900E77935 /* Debug */,
				82EA56D2243BCCA900E77935 /* Release */,
			);
			defaultConfigurationIsVisible = 0;
			defaultConfigurationName = Release;
		};
		82EA56D3243BCCA900E77935 /* Build configuration list for PBXNativeTarget "mapkit-joca" */ = {
			isa = XCConfigurationList;
			buildConfigurations = (
				82EA56D4243BCCA900E77935 /* Debug */,
				82EA56D5243BCCA900E77935 /* Release */,
			);
			defaultConfigurationIsVisible = 0;
			defaultConfigurationName = Release;
		};
/* End XCConfigurationList section */
	};
	rootObject = 82EA56B7243BCCA600E77935 /* Project object */;
}
